// !$*UTF8*$!
{
	archiveVersion = 1;
	classes = {
	};
	objectVersion = 55;
	objects = {

/* Begin PBXBuildFile section */
		3E3E27592C274F0B00446E57 /* Xpoint.cpp in Sources */ = {isa = PBXBuildFile; fileRef = 3E3E27572C274F0B00446E57 /* Xpoint.cpp */; };
		3E3E27612C275B7800446E57 /* PointClass.cpp in Sources */ = {isa = PBXBuildFile; fileRef = 3E3E275F2C275B7800446E57 /* PointClass.cpp */; };
		3E3E27642C276A7600446E57 /* OPoint.cpp in Sources */ = {isa = PBXBuildFile; fileRef = 3E3E27622C276A7600446E57 /* OPoint.cpp */; };
		3E3E276C2C2AC1B500446E57 /* Functions.cpp in Sources */ = {isa = PBXBuildFile; fileRef = 3E3E276A2C2AC1B400446E57 /* Functions.cpp */; };
		3E3E27722C2B4C2D00446E57 /* StartMenu.cpp in Sources */ = {isa = PBXBuildFile; fileRef = 3E3E27702C2B4C2D00446E57 /* StartMenu.cpp */; };
		3E3E27752C2B4C5300446E57 /* Game.cpp in Sources */ = {isa = PBXBuildFile; fileRef = 3E3E27732C2B4C5300446E57 /* Game.cpp */; };
		3EF700802C24B10400C73ED6 /* main.cpp in Sources */ = {isa = PBXBuildFile; fileRef = 3EF7007F2C24B10400C73ED6 /* main.cpp */; };
		3EF7008C2C24B14D00C73ED6 /* libsfml-network.2.6.1.dylib in Frameworks */ = {isa = PBXBuildFile; fileRef = 3EF700872C24B14C00C73ED6 /* libsfml-network.2.6.1.dylib */; };
		3EF7008D2C24B14D00C73ED6 /* libsfml-audio.2.6.1.dylib in Frameworks */ = {isa = PBXBuildFile; fileRef = 3EF700882C24B14C00C73ED6 /* libsfml-audio.2.6.1.dylib */; };
		3EF7008E2C24B14D00C73ED6 /* libsfml-system.2.6.1.dylib in Frameworks */ = {isa = PBXBuildFile; fileRef = 3EF700892C24B14C00C73ED6 /* libsfml-system.2.6.1.dylib */; };
		3EF7008F2C24B14D00C73ED6 /* libsfml-window.2.6.1.dylib in Frameworks */ = {isa = PBXBuildFile; fileRef = 3EF7008A2C24B14C00C73ED6 /* libsfml-window.2.6.1.dylib */; };
		3EF700902C24B14D00C73ED6 /* libsfml-graphics.2.6.1.dylib in Frameworks */ = {isa = PBXBuildFile; fileRef = 3EF7008B2C24B14C00C73ED6 /* libsfml-graphics.2.6.1.dylib */; };
/* End PBXBuildFile section */

/* Begin PBXCopyFilesBuildPhase section */
		3EF7007A2C24B10400C73ED6 /* CopyFiles */ = {
			isa = PBXCopyFilesBuildPhase;
			buildActionMask = 2147483647;
			dstPath = /usr/share/man/man1/;
			dstSubfolderSpec = 0;
			files = (
			);
			runOnlyForDeploymentPostprocessing = 1;
		};
/* End PBXCopyFilesBuildPhase section */

/* Begin PBXFileReference section */
		3E3E27572C274F0B00446E57 /* Xpoint.cpp */ = {isa = PBXFileReference; lastKnownFileType = sourcecode.cpp.cpp; path = Xpoint.cpp; sourceTree = "<group>"; };
		3E3E27582C274F0B00446E57 /* Xpoint.hpp */ = {isa = PBXFileReference; lastKnownFileType = sourcecode.cpp.h; path = Xpoint.hpp; sourceTree = "<group>"; };
		3E3E275B2C27506100446E57 /* constants.hpp */ = {isa = PBXFileReference; lastKnownFileType = sourcecode.cpp.h; path = constants.hpp; sourceTree = "<group>"; };
		3E3E275D2C27570000446E57 /* x.png */ = {isa = PBXFileReference; lastKnownFileType = image.png; path = x.png; sourceTree = "<group>"; };
		3E3E275F2C275B7800446E57 /* PointClass.cpp */ = {isa = PBXFileReference; lastKnownFileType = sourcecode.cpp.cpp; path = PointClass.cpp; sourceTree = "<group>"; };
		3E3E27602C275B7800446E57 /* PointClass.hpp */ = {isa = PBXFileReference; lastKnownFileType = sourcecode.cpp.h; path = PointClass.hpp; sourceTree = "<group>"; };
		3E3E27622C276A7600446E57 /* OPoint.cpp */ = {isa = PBXFileReference; lastKnownFileType = sourcecode.cpp.cpp; path = OPoint.cpp; sourceTree = "<group>"; };
		3E3E27632C276A7600446E57 /* OPoint.hpp */ = {isa = PBXFileReference; lastKnownFileType = sourcecode.cpp.h; path = OPoint.hpp; sourceTree = "<group>"; };
		3E3E27652C276B5900446E57 /* circle.png */ = {isa = PBXFileReference; lastKnownFileType = image.png; path = circle.png; sourceTree = "<group>"; };
		3E3E276A2C2AC1B400446E57 /* Functions.cpp */ = {isa = PBXFileReference; lastKnownFileType = sourcecode.cpp.cpp; path = Functions.cpp; sourceTree = "<group>"; };
		3E3E276B2C2AC1B400446E57 /* Functions.hpp */ = {isa = PBXFileReference; lastKnownFileType = sourcecode.cpp.h; path = Functions.hpp; sourceTree = "<group>"; };
		3E3E27702C2B4C2D00446E57 /* StartMenu.cpp */ = {isa = PBXFileReference; lastKnownFileType = sourcecode.cpp.cpp; path = StartMenu.cpp; sourceTree = "<group>"; };
		3E3E27712C2B4C2D00446E57 /* StartMenu.hpp */ = {isa = PBXFileReference; lastKnownFileType = sourcecode.cpp.h; path = StartMenu.hpp; sourceTree = "<group>"; };
		3E3E27732C2B4C5300446E57 /* Game.cpp */ = {isa = PBXFileReference; lastKnownFileType = sourcecode.cpp.cpp; path = Game.cpp; sourceTree = "<group>"; };
		3E3E27742C2B4C5300446E57 /* Game.hpp */ = {isa = PBXFileReference; lastKnownFileType = sourcecode.cpp.h; path = Game.hpp; sourceTree = "<group>"; };
		3EF7007C2C24B10400C73ED6 /* sfml proj */ = {isa = PBXFileReference; explicitFileType = "compiled.mach-o.executable"; includeInIndex = 0; path = "sfml proj"; sourceTree = BUILT_PRODUCTS_DIR; };
		3EF7007F2C24B10400C73ED6 /* main.cpp */ = {isa = PBXFileReference; lastKnownFileType = sourcecode.cpp.cpp; path = main.cpp; sourceTree = "<group>"; };
		3EF700872C24B14C00C73ED6 /* libsfml-network.2.6.1.dylib */ = {isa = PBXFileReference; lastKnownFileType = "compiled.mach-o.dylib"; name = "libsfml-network.2.6.1.dylib"; path = "../../../../../opt/homebrew/Cellar/sfml/2.6.1/lib/libsfml-network.2.6.1.dylib"; sourceTree = "<group>"; };
		3EF700882C24B14C00C73ED6 /* libsfml-audio.2.6.1.dylib */ = {isa = PBXFileReference; lastKnownFileType = "compiled.mach-o.dylib"; name = "libsfml-audio.2.6.1.dylib"; path = "../../../../../opt/homebrew/Cellar/sfml/2.6.1/lib/libsfml-audio.2.6.1.dylib"; sourceTree = "<group>"; };
		3EF700892C24B14C00C73ED6 /* libsfml-system.2.6.1.dylib */ = {isa = PBXFileReference; lastKnownFileType = "compiled.mach-o.dylib"; name = "libsfml-system.2.6.1.dylib"; path = "../../../../../opt/homebrew/Cellar/sfml/2.6.1/lib/libsfml-system.2.6.1.dylib"; sourceTree = "<group>"; };
		3EF7008A2C24B14C00C73ED6 /* libsfml-window.2.6.1.dylib */ = {isa = PBXFileReference; lastKnownFileType = "compiled.mach-o.dylib"; name = "libsfml-window.2.6.1.dylib"; path = "../../../../../opt/homebrew/Cellar/sfml/2.6.1/lib/libsfml-window.2.6.1.dylib"; sourceTree = "<group>"; };
		3EF7008B2C24B14C00C73ED6 /* libsfml-graphics.2.6.1.dylib */ = {isa = PBXFileReference; lastKnownFileType = "compiled.mach-o.dylib"; name = "libsfml-graphics.2.6.1.dylib"; path = "../../../../../opt/homebrew/Cellar/sfml/2.6.1/lib/libsfml-graphics.2.6.1.dylib"; sourceTree = "<group>"; };
/* End PBXFileReference section */

/* Begin PBXFrameworksBuildPhase section */
		3EF700792C24B10400C73ED6 /* Frameworks */ = {
			isa = PBXFrameworksBuildPhase;
			buildActionMask = 2147483647;
			files = (
				3EF7008C2C24B14D00C73ED6 /* libsfml-network.2.6.1.dylib in Frameworks */,
				3EF7008D2C24B14D00C73ED6 /* libsfml-audio.2.6.1.dylib in Frameworks */,
				3EF7008E2C24B14D00C73ED6 /* libsfml-system.2.6.1.dylib in Frameworks */,
				3EF7008F2C24B14D00C73ED6 /* libsfml-window.2.6.1.dylib in Frameworks */,
				3EF700902C24B14D00C73ED6 /* libsfml-graphics.2.6.1.dylib in Frameworks */,
			);
			runOnlyForDeploymentPostprocessing = 0;
		};
/* End PBXFrameworksBuildPhase section */

/* Begin PBXGroup section */
		3E3E27672C2AC15200446E57 /* Classes */ = {
			isa = PBXGroup;
			children = (
				3E3E27572C274F0B00446E57 /* Xpoint.cpp */,
				3E3E27582C274F0B00446E57 /* Xpoint.hpp */,
				3E3E275F2C275B7800446E57 /* PointClass.cpp */,
				3E3E27602C275B7800446E57 /* PointClass.hpp */,
				3E3E27622C276A7600446E57 /* OPoint.cpp */,
				3E3E27632C276A7600446E57 /* OPoint.hpp */,
				3E3E27702C2B4C2D00446E57 /* StartMenu.cpp */,
				3E3E27712C2B4C2D00446E57 /* StartMenu.hpp */,
				3E3E27732C2B4C5300446E57 /* Game.cpp */,
				3E3E27742C2B4C5300446E57 /* Game.hpp */,
			);
			name = Classes;
			sourceTree = "<group>";
		};
		3E3E27682C2AC16000446E57 /* Images */ = {
			isa = PBXGroup;
			children = (
				3E3E27652C276B5900446E57 /* circle.png */,
				3E3E275D2C27570000446E57 /* x.png */,
			);
			path = Images;
			sourceTree = "<group>";
		};
		3E3E27692C2AC17600446E57 /* Other */ = {
			isa = PBXGroup;
			children = (
				3E3E276A2C2AC1B400446E57 /* Functions.cpp */,
				3E3E276B2C2AC1B400446E57 /* Functions.hpp */,
			);
			name = Other;
			sourceTree = "<group>";
		};
		3EF700732C24B10400C73ED6 = {
			isa = PBXGroup;
			children = (
				3EF7007E2C24B10400C73ED6 /* sfml proj */,
				3EF7007D2C24B10400C73ED6 /* Products */,
				3EF700862C24B14C00C73ED6 /* Frameworks */,
			);
			sourceTree = "<group>";
		};
		3EF7007D2C24B10400C73ED6 /* Products */ = {
			isa = PBXGroup;
			children = (
				3EF7007C2C24B10400C73ED6 /* sfml proj */,
			);
			name = Products;
			sourceTree = "<group>";
		};
		3EF7007E2C24B10400C73ED6 /* sfml proj */ = {
			isa = PBXGroup;
			children = (
				3E3E27692C2AC17600446E57 /* Other */,
				3E3E27682C2AC16000446E57 /* Images */,
				3E3E27672C2AC15200446E57 /* Classes */,
				3EF7007F2C24B10400C73ED6 /* main.cpp */,
				3E3E275B2C27506100446E57 /* constants.hpp */,
			);
			path = "sfml proj";
			sourceTree = "<group>";
		};
		3EF700862C24B14C00C73ED6 /* Frameworks */ = {
			isa = PBXGroup;
			children = (
				3EF700882C24B14C00C73ED6 /* libsfml-audio.2.6.1.dylib */,
				3EF7008B2C24B14C00C73ED6 /* libsfml-graphics.2.6.1.dylib */,
				3EF700872C24B14C00C73ED6 /* libsfml-network.2.6.1.dylib */,
				3EF700892C24B14C00C73ED6 /* libsfml-system.2.6.1.dylib */,
				3EF7008A2C24B14C00C73ED6 /* libsfml-window.2.6.1.dylib */,
			);
			name = Frameworks;
			sourceTree = "<group>";
		};
/* End PBXGroup section */

/* Begin PBXNativeTarget section */
		3EF7007B2C24B10400C73ED6 /* sfml proj */ = {
			isa = PBXNativeTarget;
			buildConfigurationList = 3EF700832C24B10400C73ED6 /* Build configuration list for PBXNativeTarget "sfml proj" */;
			buildPhases = (
				3EF700782C24B10400C73ED6 /* Sources */,
				3EF700792C24B10400C73ED6 /* Frameworks */,
				3EF7007A2C24B10400C73ED6 /* CopyFiles */,
			);
			buildRules = (
			);
			dependencies = (
			);
			name = "sfml proj";
			productName = "sfml proj";
			productReference = 3EF7007C2C24B10400C73ED6 /* sfml proj */;
			productType = "com.apple.product-type.tool";
		};
/* End PBXNativeTarget section */

/* Begin PBXProject section */
		3EF700742C24B10400C73ED6 /* Project object */ = {
			isa = PBXProject;
			attributes = {
				BuildIndependentTargetsInParallel = 1;
				LastUpgradeCheck = 1340;
				TargetAttributes = {
					3EF7007B2C24B10400C73ED6 = {
						CreatedOnToolsVersion = 13.4.1;
					};
				};
			};
			buildConfigurationList = 3EF700772C24B10400C73ED6 /* Build configuration list for PBXProject "sfml proj" */;
			compatibilityVersion = "Xcode 13.0";
			developmentRegion = en;
			hasScannedForEncodings = 0;
			knownRegions = (
				en,
				Base,
			);
			mainGroup = 3EF700732C24B10400C73ED6;
			productRefGroup = 3EF7007D2C24B10400C73ED6 /* Products */;
			projectDirPath = "";
			projectRoot = "";
			targets = (
				3EF7007B2C24B10400C73ED6 /* sfml proj */,
			);
		};
/* End PBXProject section */

/* Begin PBXSourcesBuildPhase section */
		3EF700782C24B10400C73ED6 /* Sources */ = {
			isa = PBXSourcesBuildPhase;
			buildActionMask = 2147483647;
			files = (
				3E3E27642C276A7600446E57 /* OPoint.cpp in Sources */,
				3E3E276C2C2AC1B500446E57 /* Functions.cpp in Sources */,
				3EF700802C24B10400C73ED6 /* main.cpp in Sources */,
				3E3E27592C274F0B00446E57 /* Xpoint.cpp in Sources */,
				3E3E27612C275B7800446E57 /* PointClass.cpp in Sources */,
				3E3E27722C2B4C2D00446E57 /* StartMenu.cpp in Sources */,
				3E3E27752C2B4C5300446E57 /* Game.cpp in Sources */,
			);
			runOnlyForDeploymentPostprocessing = 0;
		};
/* End PBXSourcesBuildPhase section */

/* Begin XCBuildConfiguration section */
		3EF700812C24B10400C73ED6 /* Debug */ = {
			isa = XCBuildConfiguration;
			buildSettings = {
				ALWAYS_SEARCH_USER_PATHS = NO;
				CLANG_ANALYZER_NONNULL = YES;
				CLANG_ANALYZER_NUMBER_OBJECT_CONVERSION = YES_AGGRESSIVE;
				CLANG_CXX_LANGUAGE_STANDARD = "gnu++17";
				CLANG_ENABLE_MODULES = YES;
				CLANG_ENABLE_OBJC_ARC = YES;
				CLANG_ENABLE_OBJC_WEAK = YES;
				CLANG_WARN_BLOCK_CAPTURE_AUTORELEASING = YES;
				CLANG_WARN_BOOL_CONVERSION = YES;
				CLANG_WARN_COMMA = YES;
				CLANG_WARN_CONSTANT_CONVERSION = YES;
				CLANG_WARN_DEPRECATED_OBJC_IMPLEMENTATIONS = YES;
				CLANG_WARN_DIRECT_OBJC_ISA_USAGE = YES_ERROR;
				CLANG_WARN_DOCUMENTATION_COMMENTS = YES;
				CLANG_WARN_EMPTY_BODY = YES;
				CLANG_WARN_ENUM_CONVERSION = YES;
				CLANG_WARN_INFINITE_RECURSION = YES;
				CLANG_WARN_INT_CONVERSION = YES;
				CLANG_WARN_NON_LITERAL_NULL_CONVERSION = YES;
				CLANG_WARN_OBJC_IMPLICIT_RETAIN_SELF = YES;
				CLANG_WARN_OBJC_LITERAL_CONVERSION = YES;
				CLANG_WARN_OBJC_ROOT_CLASS = YES_ERROR;
				CLANG_WARN_QUOTED_INCLUDE_IN_FRAMEWORK_HEADER = YES;
				CLANG_WARN_RANGE_LOOP_ANALYSIS = YES;
				CLANG_WARN_STRICT_PROTOTYPES = YES;
				CLANG_WARN_SUSPICIOUS_MOVE = YES;
				CLANG_WARN_UNGUARDED_AVAILABILITY = YES_AGGRESSIVE;
				CLANG_WARN_UNREACHABLE_CODE = YES;
				CLANG_WARN__DUPLICATE_METHOD_MATCH = YES;
				COPY_PHASE_STRIP = NO;
				DEBUG_INFORMATION_FORMAT = dwarf;
				ENABLE_STRICT_OBJC_MSGSEND = YES;
				ENABLE_TESTABILITY = YES;
				GCC_C_LANGUAGE_STANDARD = gnu11;
				GCC_DYNAMIC_NO_PIC = NO;
				GCC_NO_COMMON_BLOCKS = YES;
				GCC_OPTIMIZATION_LEVEL = 0;
				GCC_PREPROCESSOR_DEFINITIONS = (
					"DEBUG=1",
					"$(inherited)",
				);
				GCC_WARN_64_TO_32_BIT_CONVERSION = YES;
				GCC_WARN_ABOUT_RETURN_TYPE = YES_ERROR;
				GCC_WARN_UNDECLARED_SELECTOR = YES;
				GCC_WARN_UNINITIALIZED_AUTOS = YES_AGGRESSIVE;
				GCC_WARN_UNUSED_FUNCTION = YES;
				GCC_WARN_UNUSED_VARIABLE = YES;
				MACOSX_DEPLOYMENT_TARGET = 12.3;
				MTL_ENABLE_DEBUG_INFO = INCLUDE_SOURCE;
				MTL_FAST_MATH = YES;
				ONLY_ACTIVE_ARCH = YES;
				SDKROOT = macosx;
			};
			name = Debug;
		};
		3EF700822C24B10400C73ED6 /* Release */ = {
			isa = XCBuildConfiguration;
			buildSettings = {
				ALWAYS_SEARCH_USER_PATHS = NO;
				CLANG_ANALYZER_NONNULL = YES;
				CLANG_ANALYZER_NUMBER_OBJECT_CONVERSION = YES_AGGRESSIVE;
				CLANG_CXX_LANGUAGE_STANDARD = "gnu++17";
				CLANG_ENABLE_MODULES = YES;
				CLANG_ENABLE_OBJC_ARC = YES;
				CLANG_ENABLE_OBJC_WEAK = YES;
				CLANG_WARN_BLOCK_CAPTURE_AUTORELEASING = YES;
				CLANG_WARN_BOOL_CONVERSION = YES;
				CLANG_WARN_COMMA = YES;
				CLANG_WARN_CONSTANT_CONVERSION = YES;
				CLANG_WARN_DEPRECATED_OBJC_IMPLEMENTATIONS = YES;
				CLANG_WARN_DIRECT_OBJC_ISA_USAGE = YES_ERROR;
				CLANG_WARN_DOCUMENTATION_COMMENTS = YES;
				CLANG_WARN_EMPTY_BODY = YES;
				CLANG_WARN_ENUM_CONVERSION = YES;
				CLANG_WARN_INFINITE_RECURSION = YES;
				CLANG_WARN_INT_CONVERSION = YES;
				CLANG_WARN_NON_LITERAL_NULL_CONVERSION = YES;
				CLANG_WARN_OBJC_IMPLICIT_RETAIN_SELF = YES;
				CLANG_WARN_OBJC_LITERAL_CONVERSION = YES;
				CLANG_WARN_OBJC_ROOT_CLASS = YES_ERROR;
				CLANG_WARN_QUOTED_INCLUDE_IN_FRAMEWORK_HEADER = YES;
				CLANG_WARN_RANGE_LOOP_ANALYSIS = YES;
				CLANG_WARN_STRICT_PROTOTYPES = YES;
				CLANG_WARN_SUSPICIOUS_MOVE = YES;
				CLANG_WARN_UNGUARDED_AVAILABILITY = YES_AGGRESSIVE;
				CLANG_WARN_UNREACHABLE_CODE = YES;
				CLANG_WARN__DUPLICATE_METHOD_MATCH = YES;
				COPY_PHASE_STRIP = NO;
				DEBUG_INFORMATION_FORMAT = "dwarf-with-dsym";
				ENABLE_NS_ASSERTIONS = NO;
				ENABLE_STRICT_OBJC_MSGSEND = YES;
				GCC_C_LANGUAGE_STANDARD = gnu11;
				GCC_NO_COMMON_BLOCKS = YES;
				GCC_WARN_64_TO_32_BIT_CONVERSION = YES;
				GCC_WARN_ABOUT_RETURN_TYPE = YES_ERROR;
				GCC_WARN_UNDECLARED_SELECTOR = YES;
				GCC_WARN_UNINITIALIZED_AUTOS = YES_AGGRESSIVE;
				GCC_WARN_UNUSED_FUNCTION = YES;
				GCC_WARN_UNUSED_VARIABLE = YES;
				MACOSX_DEPLOYMENT_TARGET = 12.3;
				MTL_ENABLE_DEBUG_INFO = NO;
				MTL_FAST_MATH = YES;
				SDKROOT = macosx;
			};
			name = Release;
		};
		3EF700842C24B10400C73ED6 /* Debug */ = {
			isa = XCBuildConfiguration;
			buildSettings = {
				CODE_SIGN_STYLE = Automatic;
				HEADER_SEARCH_PATHS = /opt/homebrew/Cellar/sfml/2.6.1/include;
				LIBRARY_SEARCH_PATHS = /opt/homebrew/Cellar/sfml/2.6.1/lib;
				PRODUCT_NAME = "$(TARGET_NAME)";
			};
			name = Debug;
		};
		3EF700852C24B10400C73ED6 /* Release */ = {
			isa = XCBuildConfiguration;
			buildSettings = {
				CODE_SIGN_STYLE = Automatic;
				HEADER_SEARCH_PATHS = /opt/homebrew/Cellar/sfml/2.6.1/include;
				LIBRARY_SEARCH_PATHS = /opt/homebrew/Cellar/sfml/2.6.1/lib;
				PRODUCT_NAME = "$(TARGET_NAME)";
			};
			name = Release;
		};
/* End XCBuildConfiguration section */

/* Begin XCConfigurationList section */
		3EF700772C24B10400C73ED6 /* Build configuration list for PBXProject "sfml proj" */ = {
			isa = XCConfigurationList;
			buildConfigurations = (
				3EF700812C24B10400C73ED6 /* Debug */,
				3EF700822C24B10400C73ED6 /* Release */,
			);
			defaultConfigurationIsVisible = 0;
			defaultConfigurationName = Release;
		};
		3EF700832C24B10400C73ED6 /* Build configuration list for PBXNativeTarget "sfml proj" */ = {
			isa = XCConfigurationList;
			buildConfigurations = (
				3EF700842C24B10400C73ED6 /* Debug */,
				3EF700852C24B10400C73ED6 /* Release */,
			);
			defaultConfigurationIsVisible = 0;
			defaultConfigurationName = Release;
		};
/* End XCConfigurationList section */
	};
	rootObject = 3EF700742C24B10400C73ED6 /* Project object */;
}
